
Microsoft Visual Studio Solution File, Format Version 12.00
# Visual Studio 15
VisualStudioVersion = 15.0.27703.2000
MinimumVisualStudioVersion = 10.0.40219.1
Project("{FAE04EC0-301F-11D3-BF4B-00C04F79EFBC}") = "TravelTDD", "TravelTDD\TravelTDD.csproj", "{F91B591C-162A-432E-BB15-10DBE508BBC5}"
EndProject
Project("{FAE04EC0-301F-11D3-BF4B-00C04F79EFBC}") = "Travel.tests", "Travel.tests\Travel.tests.csproj", "{8977955D-1A1D-4BD5-9AFE-1A40ECA808F0}"
EndProject
Global
	GlobalSection(SolutionConfigurationPlatforms) = preSolution
		Debug|Any CPU = Debug|Any CPU
		Release|Any CPU = Release|Any CPU
	EndGlobalSection
	GlobalSection(ProjectConfigurationPlatforms) = postSolution
		{F91B591C-162A-432E-BB15-10DBE508BBC5}.Debug|Any CPU.ActiveCfg = Debug|Any CPU
		{F91B591C-162A-432E-BB15-10DBE508BBC5}.Debug|Any CPU.Build.0 = Debug|Any CPU
		{F91B591C-162A-432E-BB15-10DBE508BBC5}.Release|Any CPU.ActiveCfg = Release|Any CPU
		{F91B591C-162A-432E-BB15-10DBE508BBC5}.Release|Any CPU.Build.0 = Release|Any CPU
		{8977955D-1A1D-4BD5-9AFE-1A40ECA808F0}.Debug|Any CPU.ActiveCfg = Debug|Any CPU
		{8977955D-1A1D-4BD5-9AFE-1A40ECA808F0}.Debug|Any CPU.Build.0 = Debug|Any CPU
		{8977955D-1A1D-4BD5-9AFE-1A40ECA808F0}.Release|Any CPU.ActiveCfg = Release|Any CPU
		{8977955D-1A1D-4BD5-9AFE-1A40ECA808F0}.Release|Any CPU.Build.0 = Release|Any CPU
	EndGlobalSection
	GlobalSection(SolutionProperties) = preSolution
		HideSolutionNode = FALSE
	EndGlobalSection
	GlobalSection(ExtensibilityGlobals) = postSolution
		SolutionGuid = {01D5B0FD-CD98-4B9A-8A77-D5CCFD52605E}
	EndGlobalSection
EndGlobal
